
Microsoft Visual Studio Solution File, Format Version 12.00
# Visual Studio 15
VisualStudioVersion = 15.0.28010.2041
MinimumVisualStudioVersion = 10.0.40219.1
Project("{FAE04EC0-301F-11D3-BF4B-00C04F79EFBC}") = "BesTravel", "BesTravel\BesTravel.csproj", "{F21B9F05-0CE9-4E99-B90E-EE88B662FBE3}"
EndProject
Global
	GlobalSection(SolutionConfigurationPlatforms) = preSolution
		Debug|Any CPU = Debug|Any CPU
		Release|Any CPU = Release|Any CPU
	EndGlobalSection
	GlobalSection(ProjectConfigurationPlatforms) = postSolution
		{F21B9F05-0CE9-4E99-B90E-EE88B662FBE3}.Debug|Any CPU.ActiveCfg = Debug|Any CPU
		{F21B9F05-0CE9-4E99-B90E-EE88B662FBE3}.Debug|Any CPU.Build.0 = Debug|Any CPU
		{F21B9F05-0CE9-4E99-B90E-EE88B662FBE3}.Release|Any CPU.ActiveCfg = Release|Any CPU
		{F21B9F05-0CE9-4E99-B90E-EE88B662FBE3}.Release|Any CPU.Build.0 = Release|Any CPU
	EndGlobalSection
	GlobalSection(SolutionProperties) = preSolution
		HideSolutionNode = FALSE
	EndGlobalSection
	GlobalSection(ExtensibilityGlobals) = postSolution
		SolutionGuid = {87B030A5-8697-4719-BC12-7DEFCB379F8F}
	EndGlobalSection
EndGlobal
